{
    "_meta": {
        "hash": {
            "sha256": "81f204893022259ecbadc07447ee085893c45d23871af6b241b4242269f31c74"
        },
        "host-environment-markers": {
            "implementation_name": "cpython",
            "implementation_version": "3.6.0",
            "os_name": "posix",
            "platform_machine": "x86_64",
            "platform_python_implementation": "CPython",
            "platform_release": "16.7.0",
            "platform_system": "Darwin",
            "platform_version": "Darwin Kernel Version 16.7.0: Thu Jun 15 17:36:27 PDT 2017; root:xnu-3789.70.16~2/RELEASE_X86_64",
            "python_full_version": "3.6.0",
            "python_version": "3.6",
            "sys_platform": "darwin"
        },
        "pipfile-spec": 3,
        "requires": {
            "python_version": "3.6"
        },
        "sources": [
            {
                "url": "https://pypi.python.org/simple",
                "verify_ssl": true
            }
        ]
    },
    "default": {
        "docopt": {
            "hashes": [
                "sha256:49b3a825280bd66b3aa83585ef59c4a8c82f2c8a522dbe754a8bc8d08c85c491"
            ],
            "version": "==0.6.2"
        }
    },
    "develop": {}
}
